// !$*UTF8*$!
{
	archiveVersion = 1;
	classes = {
	};
	objectVersion = 50;
	objects = {

/* Begin PBXBuildFile section */
		AF08B804236D680A00C803C2 /* APIError.swift in Sources */ = {isa = PBXBuildFile; fileRef = AF08B803236D680A00C803C2 /* APIError.swift */; };
		AF08B806236D86AB00C803C2 /* APIResponse.swift in Sources */ = {isa = PBXBuildFile; fileRef = AF08B805236D86AB00C803C2 /* APIResponse.swift */; };
		AF1CF8F52352D30200BD2A93 /* AppDelegate.swift in Sources */ = {isa = PBXBuildFile; fileRef = AF1CF8F42352D30200BD2A93 /* AppDelegate.swift */; };
		AF1CF8F72352D30200BD2A93 /* ViewController.swift in Sources */ = {isa = PBXBuildFile; fileRef = AF1CF8F62352D30200BD2A93 /* ViewController.swift */; };
		AF1CF8FA2352D30200BD2A93 /* Main.storyboard in Resources */ = {isa = PBXBuildFile; fileRef = AF1CF8F82352D30200BD2A93 /* Main.storyboard */; };
		AF1CF8FC2352D30800BD2A93 /* Assets.xcassets in Resources */ = {isa = PBXBuildFile; fileRef = AF1CF8FB2352D30800BD2A93 /* Assets.xcassets */; };
		AF1CF8FF2352D30800BD2A93 /* LaunchScreen.storyboard in Resources */ = {isa = PBXBuildFile; fileRef = AF1CF8FD2352D30800BD2A93 /* LaunchScreen.storyboard */; };
		AF1CF90A23536BC100BD2A93 /* LogIn.swift in Sources */ = {isa = PBXBuildFile; fileRef = AF1CF90923536BC100BD2A93 /* LogIn.swift */; };
		AF22E5502364027900C4D1FF /* Fetch.swift in Sources */ = {isa = PBXBuildFile; fileRef = AF22E54F2364027900C4D1FF /* Fetch.swift */; };
		AF9B28BC237805E1003B1CCE /* AccountViewController.swift in Sources */ = {isa = PBXBuildFile; fileRef = AF9B28BB237805E1003B1CCE /* AccountViewController.swift */; };
		AF9B28BE23780716003B1CCE /* AccountItem.swift in Sources */ = {isa = PBXBuildFile; fileRef = AF9B28BD23780716003B1CCE /* AccountItem.swift */; };
		AFB86968237AE44700F65747 /* Account.swift in Sources */ = {isa = PBXBuildFile; fileRef = AFB86967237AE44700F65747 /* Account.swift */; };
/* End PBXBuildFile section */

/* Begin PBXFileReference section */
		AF08B803236D680A00C803C2 /* APIError.swift */ = {isa = PBXFileReference; lastKnownFileType = sourcecode.swift; path = APIError.swift; sourceTree = "<group>"; };
		AF08B805236D86AB00C803C2 /* APIResponse.swift */ = {isa = PBXFileReference; lastKnownFileType = sourcecode.swift; path = APIResponse.swift; sourceTree = "<group>"; };
		AF1CF8F12352D30200BD2A93 /* LogIn.app */ = {isa = PBXFileReference; explicitFileType = wrapper.application; includeInIndex = 0; path = LogIn.app; sourceTree = BUILT_PRODUCTS_DIR; };
		AF1CF8F42352D30200BD2A93 /* AppDelegate.swift */ = {isa = PBXFileReference; lastKnownFileType = sourcecode.swift; path = AppDelegate.swift; sourceTree = "<group>"; };
		AF1CF8F62352D30200BD2A93 /* ViewController.swift */ = {isa = PBXFileReference; lastKnownFileType = sourcecode.swift; path = ViewController.swift; sourceTree = "<group>"; };
		AF1CF8F92352D30200BD2A93 /* Base */ = {isa = PBXFileReference; lastKnownFileType = file.storyboard; name = Base; path = Base.lproj/Main.storyboard; sourceTree = "<group>"; };
		AF1CF8FB2352D30800BD2A93 /* Assets.xcassets */ = {isa = PBXFileReference; lastKnownFileType = folder.assetcatalog; path = Assets.xcassets; sourceTree = "<group>"; };
		AF1CF8FE2352D30800BD2A93 /* Base */ = {isa = PBXFileReference; lastKnownFileType = file.storyboard; name = Base; path = Base.lproj/LaunchScreen.storyboard; sourceTree = "<group>"; };
		AF1CF9002352D30800BD2A93 /* Info.plist */ = {isa = PBXFileReference; lastKnownFileType = text.plist.xml; path = Info.plist; sourceTree = "<group>"; };
		AF1CF90923536BC100BD2A93 /* LogIn.swift */ = {isa = PBXFileReference; lastKnownFileType = sourcecode.swift; path = LogIn.swift; sourceTree = "<group>"; };
		AF22E54F2364027900C4D1FF /* Fetch.swift */ = {isa = PBXFileReference; lastKnownFileType = sourcecode.swift; path = Fetch.swift; sourceTree = "<group>"; };
		AF9B28BB237805E1003B1CCE /* AccountViewController.swift */ = {isa = PBXFileReference; lastKnownFileType = sourcecode.swift; path = AccountViewController.swift; sourceTree = "<group>"; };
		AF9B28BD23780716003B1CCE /* AccountItem.swift */ = {isa = PBXFileReference; lastKnownFileType = sourcecode.swift; path = AccountItem.swift; sourceTree = "<group>"; };
		AFB86967237AE44700F65747 /* Account.swift */ = {isa = PBXFileReference; lastKnownFileType = sourcecode.swift; path = Account.swift; sourceTree = "<group>"; };
/* End PBXFileReference section */

/* Begin PBXFrameworksBuildPhase section */
		AF1CF8EE2352D30200BD2A93 /* Frameworks */ = {
			isa = PBXFrameworksBuildPhase;
			buildActionMask = 2147483647;
			files = (
			);
			runOnlyForDeploymentPostprocessing = 0;
		};
/* End PBXFrameworksBuildPhase section */

/* Begin PBXGroup section */
		AF1CF8E82352D30200BD2A93 = {
			isa = PBXGroup;
			children = (
				AF1CF8F32352D30200BD2A93 /* LogIn */,
				AF1CF8F22352D30200BD2A93 /* Products */,
			);
			sourceTree = "<group>";
		};
		AF1CF8F22352D30200BD2A93 /* Products */ = {
			isa = PBXGroup;
			children = (
				AF1CF8F12352D30200BD2A93 /* LogIn.app */,
			);
			name = Products;
			sourceTree = "<group>";
		};
		AF1CF8F32352D30200BD2A93 /* LogIn */ = {
			isa = PBXGroup;
			children = (
				AF1CF90623536B8D00BD2A93 /* Model */,
				AF1CF8F42352D30200BD2A93 /* AppDelegate.swift */,
				AF1CF8F62352D30200BD2A93 /* ViewController.swift */,
				AF9B28BB237805E1003B1CCE /* AccountViewController.swift */,
				AF1CF8F82352D30200BD2A93 /* Main.storyboard */,
				AF1CF8FB2352D30800BD2A93 /* Assets.xcassets */,
				AF1CF8FD2352D30800BD2A93 /* LaunchScreen.storyboard */,
				AF1CF9002352D30800BD2A93 /* Info.plist */,
				AF22E54F2364027900C4D1FF /* Fetch.swift */,
			);
			path = LogIn;
			sourceTree = "<group>";
		};
		AF1CF90623536B8D00BD2A93 /* Model */ = {
			isa = PBXGroup;
			children = (
				AF1CF90923536BC100BD2A93 /* LogIn.swift */,
				AF08B803236D680A00C803C2 /* APIError.swift */,
				AF08B805236D86AB00C803C2 /* APIResponse.swift */,
				AF9B28BD23780716003B1CCE /* AccountItem.swift */,
				AFB86967237AE44700F65747 /* Account.swift */,
			);
			path = Model;
			sourceTree = "<group>";
		};
/* End PBXGroup section */

/* Begin PBXNativeTarget section */
		AF1CF8F02352D30200BD2A93 /* LogIn */ = {
			isa = PBXNativeTarget;
			buildConfigurationList = AF1CF9032352D30800BD2A93 /* Build configuration list for PBXNativeTarget "LogIn" */;
			buildPhases = (
				AF1CF8ED2352D30200BD2A93 /* Sources */,
				AF1CF8EE2352D30200BD2A93 /* Frameworks */,
				AF1CF8EF2352D30200BD2A93 /* Resources */,
			);
			buildRules = (
			);
			dependencies = (
			);
			name = LogIn;
			productName = LogIn;
			productReference = AF1CF8F12352D30200BD2A93 /* LogIn.app */;
			productType = "com.apple.product-type.application";
		};
/* End PBXNativeTarget section */

/* Begin PBXProject section */
		AF1CF8E92352D30200BD2A93 /* Project object */ = {
			isa = PBXProject;
			attributes = {
				LastSwiftUpdateCheck = 1030;
				LastUpgradeCheck = 1030;
				ORGANIZATIONNAME = hubot;
				TargetAttributes = {
					AF1CF8F02352D30200BD2A93 = {
						CreatedOnToolsVersion = 10.3;
					};
				};
			};
			buildConfigurationList = AF1CF8EC2352D30200BD2A93 /* Build configuration list for PBXProject "LogIn" */;
			compatibilityVersion = "Xcode 9.3";
			developmentRegion = en;
			hasScannedForEncodings = 0;
			knownRegions = (
				en,
				Base,
			);
			mainGroup = AF1CF8E82352D30200BD2A93;
			productRefGroup = AF1CF8F22352D30200BD2A93 /* Products */;
			projectDirPath = "";
			projectRoot = "";
			targets = (
				AF1CF8F02352D30200BD2A93 /* LogIn */,
			);
		};
/* End PBXProject section */

/* Begin PBXResourcesBuildPhase section */
		AF1CF8EF2352D30200BD2A93 /* Resources */ = {
			isa = PBXResourcesBuildPhase;
			buildActionMask = 2147483647;
			files = (
				AF1CF8FF2352D30800BD2A93 /* LaunchScreen.storyboard in Resources */,
				AF1CF8FC2352D30800BD2A93 /* Assets.xcassets in Resources */,
				AF1CF8FA2352D30200BD2A93 /* Main.storyboard in Resources */,
			);
			runOnlyForDeploymentPostprocessing = 0;
		};
/* End PBXResourcesBuildPhase section */

/* Begin PBXSourcesBuildPhase section */
		AF1CF8ED2352D30200BD2A93 /* Sources */ = {
			isa = PBXSourcesBuildPhase;
			buildActionMask = 2147483647;
			files = (
				AF9B28BE23780716003B1CCE /* AccountItem.swift in Sources */,
				AF22E5502364027900C4D1FF /* Fetch.swift in Sources */,
				AF1CF8F72352D30200BD2A93 /* ViewController.swift in Sources */,
				AF9B28BC237805E1003B1CCE /* AccountViewController.swift in Sources */,
				AF1CF90A23536BC100BD2A93 /* LogIn.swift in Sources */,
				AFB86968237AE44700F65747 /* Account.swift in Sources */,
				AF08B804236D680A00C803C2 /* APIError.swift in Sources */,
				AF1CF8F52352D30200BD2A93 /* AppDelegate.swift in Sources */,
				AF08B806236D86AB00C803C2 /* APIResponse.swift in Sources */,
			);
			runOnlyForDeploymentPostprocessing = 0;
		};
/* End PBXSourcesBuildPhase section */

/* Begin PBXVariantGroup section */
		AF1CF8F82352D30200BD2A93 /* Main.storyboard */ = {
			isa = PBXVariantGroup;
			children = (
				AF1CF8F92352D30200BD2A93 /* Base */,
			);
			name = Main.storyboard;
			sourceTree = "<group>";
		};
		AF1CF8FD2352D30800BD2A93 /* LaunchScreen.storyboard */ = {
			isa = PBXVariantGroup;
			children = (
				AF1CF8FE2352D30800BD2A93 /* Base */,
			);
			name = LaunchScreen.storyboard;
			sourceTree = "<group>";
		};
/* End PBXVariantGroup section */

/* Begin XCBuildConfiguration section */
		AF1CF9012352D30800BD2A93 /* Debug */ = {
			isa = XCBuildConfiguration;
			buildSettings = {
				ALWAYS_SEARCH_USER_PATHS = NO;
				CLANG_ANALYZER_NONNULL = YES;
				CLANG_ANALYZER_NUMBER_OBJECT_CONVERSION = YES_AGGRESSIVE;
				CLANG_CXX_LANGUAGE_STANDARD = "gnu++14";
				CLANG_CXX_LIBRARY = "libc++";
				CLANG_ENABLE_MODULES = YES;
				CLANG_ENABLE_OBJC_ARC = YES;
				CLANG_ENABLE_OBJC_WEAK = YES;
				CLANG_WARN_BLOCK_CAPTURE_AUTORELEASING = YES;
				CLANG_WARN_BOOL_CONVERSION = YES;
				CLANG_WARN_COMMA = YES;
				CLANG_WARN_CONSTANT_CONVERSION = YES;
				CLANG_WARN_DEPRECATED_OBJC_IMPLEMENTATIONS = YES;
				CLANG_WARN_DIRECT_OBJC_ISA_USAGE = YES_ERROR;
				CLANG_WARN_DOCUMENTATION_COMMENTS = YES;
				CLANG_WARN_EMPTY_BODY = YES;
				CLANG_WARN_ENUM_CONVERSION = YES;
				CLANG_WARN_INFINITE_RECURSION = YES;
				CLANG_WARN_INT_CONVERSION = YES;
				CLANG_WARN_NON_LITERAL_NULL_CONVERSION = YES;
				CLANG_WARN_OBJC_IMPLICIT_RETAIN_SELF = YES;
				CLANG_WARN_OBJC_LITERAL_CONVERSION = YES;
				CLANG_WARN_OBJC_ROOT_CLASS = YES_ERROR;
				CLANG_WARN_RANGE_LOOP_ANALYSIS = YES;
				CLANG_WARN_STRICT_PROTOTYPES = YES;
				CLANG_WARN_SUSPICIOUS_MOVE = YES;
				CLANG_WARN_UNGUARDED_AVAILABILITY = YES_AGGRESSIVE;
				CLANG_WARN_UNREACHABLE_CODE = YES;
				CLANG_WARN__DUPLICATE_METHOD_MATCH = YES;
				CODE_SIGN_IDENTITY = "iPhone Developer";
				COPY_PHASE_STRIP = NO;
				DEBUG_INFORMATION_FORMAT = dwarf;
				ENABLE_STRICT_OBJC_MSGSEND = YES;
				ENABLE_TESTABILITY = YES;
				GCC_C_LANGUAGE_STANDARD = gnu11;
				GCC_DYNAMIC_NO_PIC = NO;
				GCC_NO_COMMON_BLOCKS = YES;
				GCC_OPTIMIZATION_LEVEL = 0;
				GCC_PREPROCESSOR_DEFINITIONS = (
					"DEBUG=1",
					"$(inherited)",
				);
				GCC_WARN_64_TO_32_BIT_CONVERSION = YES;
				GCC_WARN_ABOUT_RETURN_TYPE = YES_ERROR;
				GCC_WARN_UNDECLARED_SELECTOR = YES;
				GCC_WARN_UNINITIALIZED_AUTOS = YES_AGGRESSIVE;
				GCC_WARN_UNUSED_FUNCTION = YES;
				GCC_WARN_UNUSED_VARIABLE = YES;
				IPHONEOS_DEPLOYMENT_TARGET = 12.4;
				MTL_ENABLE_DEBUG_INFO = INCLUDE_SOURCE;
				MTL_FAST_MATH = YES;
				ONLY_ACTIVE_ARCH = YES;
				SDKROOT = iphoneos;
				SWIFT_ACTIVE_COMPILATION_CONDITIONS = DEBUG;
				SWIFT_OPTIMIZATION_LEVEL = "-Onone";
			};
			name = Debug;
		};
		AF1CF9022352D30800BD2A93 /* Release */ = {
			isa = XCBuildConfiguration;
			buildSettings = {
				ALWAYS_SEARCH_USER_PATHS = NO;
				CLANG_ANALYZER_NONNULL = YES;
				CLANG_ANALYZER_NUMBER_OBJECT_CONVERSION = YES_AGGRESSIVE;
				CLANG_CXX_LANGUAGE_STANDARD = "gnu++14";
				CLANG_CXX_LIBRARY = "libc++";
				CLANG_ENABLE_MODULES = YES;
				CLANG_ENABLE_OBJC_ARC = YES;
				CLANG_ENABLE_OBJC_WEAK = YES;
				CLANG_WARN_BLOCK_CAPTURE_AUTORELEASING = YES;
				CLANG_WARN_BOOL_CONVERSION = YES;
				CLANG_WARN_COMMA = YES;
				CLANG_WARN_CONSTANT_CONVERSION = YES;
				CLANG_WARN_DEPRECATED_OBJC_IMPLEMENTATIONS = YES;
				CLANG_WARN_DIRECT_OBJC_ISA_USAGE = YES_ERROR;
				CLANG_WARN_DOCUMENTATION_COMMENTS = YES;
				CLANG_WARN_EMPTY_BODY = YES;
				CLANG_WARN_ENUM_CONVERSION = YES;
				CLANG_WARN_INFINITE_RECURSION = YES;
				CLANG_WARN_INT_CONVERSION = YES;
				CLANG_WARN_NON_LITERAL_NULL_CONVERSION = YES;
				CLANG_WARN_OBJC_IMPLICIT_RETAIN_SELF = YES;
				CLANG_WARN_OBJC_LITERAL_CONVERSION = YES;
				CLANG_WARN_OBJC_ROOT_CLASS = YES_ERROR;
				CLANG_WARN_RANGE_LOOP_ANALYSIS = YES;
				CLANG_WARN_STRICT_PROTOTYPES = YES;
				CLANG_WARN_SUSPICIOUS_MOVE = YES;
				CLANG_WARN_UNGUARDED_AVAILABILITY = YES_AGGRESSIVE;
				CLANG_WARN_UNREACHABLE_CODE = YES;
				CLANG_WARN__DUPLICATE_METHOD_MATCH = YES;
				CODE_SIGN_IDENTITY = "iPhone Developer";
				COPY_PHASE_STRIP = NO;
				DEBUG_INFORMATION_FORMAT = "dwarf-with-dsym";
				ENABLE_NS_ASSERTIONS = NO;
				ENABLE_STRICT_OBJC_MSGSEND = YES;
				GCC_C_LANGUAGE_STANDARD = gnu11;
				GCC_NO_COMMON_BLOCKS = YES;
				GCC_WARN_64_TO_32_BIT_CONVERSION = YES;
				GCC_WARN_ABOUT_RETURN_TYPE = YES_ERROR;
				GCC_WARN_UNDECLARED_SELECTOR = YES;
				GCC_WARN_UNINITIALIZED_AUTOS = YES_AGGRESSIVE;
				GCC_WARN_UNUSED_FUNCTION = YES;
				GCC_WARN_UNUSED_VARIABLE = YES;
				IPHONEOS_DEPLOYMENT_TARGET = 12.4;
				MTL_ENABLE_DEBUG_INFO = NO;
				MTL_FAST_MATH = YES;
				SDKROOT = iphoneos;
				SWIFT_COMPILATION_MODE = wholemodule;
				SWIFT_OPTIMIZATION_LEVEL = "-O";
				VALIDATE_PRODUCT = YES;
			};
			name = Release;
		};
		AF1CF9042352D30800BD2A93 /* Debug */ = {
			isa = XCBuildConfiguration;
			buildSettings = {
				ASSETCATALOG_COMPILER_APPICON_NAME = AppIcon;
				CODE_SIGN_STYLE = Automatic;
				DEVELOPMENT_TEAM = 6L52P4D9B8;
				INFOPLIST_FILE = LogIn/Info.plist;
				LD_RUNPATH_SEARCH_PATHS = (
					"$(inherited)",
					"@executable_path/Frameworks",
				);
				PRODUCT_BUNDLE_IDENTIFIER = com.ft.ftchinese.test;
				PRODUCT_NAME = "$(TARGET_NAME)";
				SWIFT_VERSION = 5.0;
				TARGETED_DEVICE_FAMILY = "1,2";
			};
			name = Debug;
		};
		AF1CF9052352D30800BD2A93 /* Release */ = {
			isa = XCBuildConfiguration;
			buildSettings = {
				ASSETCATALOG_COMPILER_APPICON_NAME = AppIcon;
				CODE_SIGN_STYLE = Automatic;
				DEVELOPMENT_TEAM = 6L52P4D9B8;
				INFOPLIST_FILE = LogIn/Info.plist;
				LD_RUNPATH_SEARCH_PATHS = (
					"$(inherited)",
					"@executable_path/Frameworks",
				);
				PRODUCT_BUNDLE_IDENTIFIER = com.ft.ftchinese.test;
				PRODUCT_NAME = "$(TARGET_NAME)";
				SWIFT_VERSION = 5.0;
				TARGETED_DEVICE_FAMILY = "1,2";
			};
			name = Release;
		};
/* End XCBuildConfiguration section */

/* Begin XCConfigurationList section */
		AF1CF8EC2352D30200BD2A93 /* Build configuration list for PBXProject "LogIn" */ = {
			isa = XCConfigurationList;
			buildConfigurations = (
				AF1CF9012352D30800BD2A93 /* Debug */,
				AF1CF9022352D30800BD2A93 /* Release */,
			);
			defaultConfigurationIsVisible = 0;
			defaultConfigurationName = Release;
		};
		AF1CF9032352D30800BD2A93 /* Build configuration list for PBXNativeTarget "LogIn" */ = {
			isa = XCConfigurationList;
			buildConfigurations = (
				AF1CF9042352D30800BD2A93 /* Debug */,
				AF1CF9052352D30800BD2A93 /* Release */,
			);
			defaultConfigurationIsVisible = 0;
			defaultConfigurationName = Release;
		};
/* End XCConfigurationList section */
	};
	rootObject = AF1CF8E92352D30200BD2A93 /* Project object */;
}
